
Microsoft Visual Studio Solution File, Format Version 12.00
# Visual Studio Version 16
VisualStudioVersion = 16.0.30128.74
MinimumVisualStudioVersion = 10.0.40219.1
Project("{8BC9CEB8-8B4A-11D0-8D11-00A0C91BC942}") = "war-game-simulation", "war-game-simulation.vcxproj", "{E3261C10-CA8B-4435-AAC0-7D0F03773FAF}"
EndProject
Global
	GlobalSection(SolutionConfigurationPlatforms) = preSolution
		Debug|x64 = Debug|x64
		Debug|x86 = Debug|x86
		Release|x64 = Release|x64
		Release|x86 = Release|x86
		war-game-deployment|x64 = war-game-deployment|x64
		war-game-deployment|x86 = war-game-deployment|x86
	EndGlobalSection
	GlobalSection(ProjectConfigurationPlatforms) = postSolution
		{E3261C10-CA8B-4435-AAC0-7D0F03773FAF}.Debug|x64.ActiveCfg = Debug|x64
		{E3261C10-CA8B-4435-AAC0-7D0F03773FAF}.Debug|x64.Build.0 = Debug|x64
		{E3261C10-CA8B-4435-AAC0-7D0F03773FAF}.Debug|x86.ActiveCfg = Release|x64
		{E3261C10-CA8B-4435-AAC0-7D0F03773FAF}.Debug|x86.Build.0 = Release|x64
		{E3261C10-CA8B-4435-AAC0-7D0F03773FAF}.Release|x64.ActiveCfg = Release|x64
		{E3261C10-CA8B-4435-AAC0-7D0F03773FAF}.Release|x64.Build.0 = Release|x64
		{E3261C10-CA8B-4435-AAC0-7D0F03773FAF}.Release|x86.ActiveCfg = Release|Win32
		{E3261C10-CA8B-4435-AAC0-7D0F03773FAF}.Release|x86.Build.0 = Release|Win32
		{E3261C10-CA8B-4435-AAC0-7D0F03773FAF}.war-game-deployment|x64.ActiveCfg = war-game-deployment|x64
		{E3261C10-CA8B-4435-AAC0-7D0F03773FAF}.war-game-deployment|x64.Build.0 = war-game-deployment|x64
		{E3261C10-CA8B-4435-AAC0-7D0F03773FAF}.war-game-deployment|x86.ActiveCfg = war-game-deployment|Win32
		{E3261C10-CA8B-4435-AAC0-7D0F03773FAF}.war-game-deployment|x86.Build.0 = war-game-deployment|Win32
	EndGlobalSection
	GlobalSection(SolutionProperties) = preSolution
		HideSolutionNode = FALSE
	EndGlobalSection
	GlobalSection(ExtensibilityGlobals) = postSolution
		SolutionGuid = {79F47FFA-350E-4E80-BFC7-B8BE96055097}
	EndGlobalSection
EndGlobal
